// !$*UTF8*$!
{
	archiveVersion = 1;
	classes = {
	};
	objectVersion = 56;
	objects = {

/* Begin PBXBuildFile section */
		4A2000000000000000000001 /* AppDelegate.mm in Sources */ = {isa = PBXBuildFile; fileRef = 4A1000000000000000000002 /* AppDelegate.mm */; };
		4A2000000000000000000002 /* HalideView.mm in Sources */ = {isa = PBXBuildFile; fileRef = 4A1000000000000000000004 /* HalideView.mm */; };
		4A2000000000000000000003 /* HalideViewController.mm in Sources */ = {isa = PBXBuildFile; fileRef = 4A1000000000000000000006 /* HalideViewController.mm */; };
		4A2000000000000000000004 /* SceneDelegate.mm in Sources */ = {isa = PBXBuildFile; fileRef = 4A1000000000000000000008 /* SceneDelegate.mm */; };
		4A2000000000000000000005 /* main.mm in Sources */ = {isa = PBXBuildFile; fileRef = 4A1000000000000000000009 /* main.mm */; };
		4A2000000000000000000006 /* Images.xcassets in Resources */ = {isa = PBXBuildFile; fileRef = 4A100000000000000000000A /* Images.xcassets */; };
		4A2000000000000000000007 /* InfoPlist.strings in Resources */ = {isa = PBXBuildFile; fileRef = 4A100000000000000000000B /* InfoPlist.strings */; };
		4A2000000000000000000008 /* CoreGraphics.framework in Frameworks */ = {isa = PBXBuildFile; fileRef = 4A100000000000000000000F /* CoreGraphics.framework */; };
		4A2000000000000000000009 /* Foundation.framework in Frameworks */ = {isa = PBXBuildFile; fileRef = 4A1000000000000000000010 /* Foundation.framework */; };
		4A200000000000000000000A /* Metal.framework in Frameworks */ = {isa = PBXBuildFile; fileRef = 4A1000000000000000000011 /* Metal.framework */; };
		4A200000000000000000000B /* QuartzCore.framework in Frameworks */ = {isa = PBXBuildFile; fileRef = 4A1000000000000000000012 /* QuartzCore.framework */; };
		4A200000000000000000000C /* UIKit.framework in Frameworks */ = {isa = PBXBuildFile; fileRef = 4A1000000000000000000013 /* UIKit.framework */; };
		4A200000000000000000000D /* HalideKernels.xcframework in Frameworks */ = {isa = PBXBuildFile; fileRef = 4A1000000000000000000015 /* HalideKernels.xcframework */; };
/* End PBXBuildFile section */

/* Begin PBXFileReference section */
		4A1000000000000000000001 /* AppDelegate.h */ = {isa = PBXFileReference; lastKnownFileType = sourcecode.c.h; path = AppDelegate.h; sourceTree = "<group>"; };
		4A1000000000000000000002 /* AppDelegate.mm */ = {isa = PBXFileReference; lastKnownFileType = sourcecode.cpp.objcpp; path = AppDelegate.mm; sourceTree = "<group>"; };
		4A1000000000000000000003 /* HalideView.h */ = {isa = PBXFileReference; lastKnownFileType = sourcecode.c.h; path = HalideView.h; sourceTree = "<group>"; };
		4A1000000000000000000004 /* HalideView.mm */ = {isa = PBXFileReference; lastKnownFileType = sourcecode.cpp.objcpp; path = HalideView.mm; sourceTree = "<group>"; };
		4A1000000000000000000005 /* HalideViewController.h */ = {isa = PBXFileReference; lastKnownFileType = sourcecode.c.h; path = HalideViewController.h; sourceTree = "<group>"; };
		4A1000000000000000000006 /* HalideViewController.mm */ = {isa = PBXFileReference; lastKnownFileType = sourcecode.cpp.objcpp; path = HalideViewController.mm; sourceTree = "<group>"; };
		4A1000000000000000000007 /* SceneDelegate.h */ = {isa = PBXFileReference; lastKnownFileType = sourcecode.c.h; path = SceneDelegate.h; sourceTree = "<group>"; };
		4A1000000000000000000008 /* SceneDelegate.mm */ = {isa = PBXFileReference; lastKnownFileType = sourcecode.cpp.objcpp; path = SceneDelegate.mm; sourceTree = "<group>"; };
		4A1000000000000000000009 /* main.mm */ = {isa = PBXFileReference; lastKnownFileType = sourcecode.cpp.objcpp; path = main.mm; sourceTree = "<group>"; };
		4A100000000000000000000A /* Images.xcassets */ = {isa = PBXFileReference; lastKnownFileType = folder.assetcatalog; path = Images.xcassets; sourceTree = "<group>"; };
		4A100000000000000000000B /* InfoPlist.strings */ = {isa = PBXFileReference; lastKnownFileType = text.plist.strings; name = InfoPlist.strings; path = en.lproj/InfoPlist.strings; sourceTree = "<group>"; };
		4A100000000000000000000C /* HelloiOS-Info.plist */ = {isa = PBXFileReference; lastKnownFileType = text.plist.xml; path = "HelloiOS-Info.plist"; sourceTree = "<group>"; };
		4A100000000000000000000D /* HelloiOS-Prefix.pch */ = {isa = PBXFileReference; lastKnownFileType = sourcecode.c.h; path = "HelloiOS-Prefix.pch"; sourceTree = "<group>"; };
		4A100000000000000000000F /* CoreGraphics.framework */ = {isa = PBXFileReference; lastKnownFileType = wrapper.framework; name = CoreGraphics.framework; path = System/Library/Frameworks/CoreGraphics.framework; sourceTree = SDKROOT; };
		4A1000000000000000000010 /* Foundation.framework */ = {isa = PBXFileReference; lastKnownFileType = wrapper.framework; name = Foundation.framework; path = System/Library/Frameworks/Foundation.framework; sourceTree = SDKROOT; };
		4A1000000000000000000011 /* Metal.framework */ = {isa = PBXFileReference; lastKnownFileType = wrapper.framework; name = Metal.framework; path = System/Library/Frameworks/Metal.framework; sourceTree = SDKROOT; };
		4A1000000000000000000012 /* QuartzCore.framework */ = {isa = PBXFileReference; lastKnownFileType = wrapper.framework; name = QuartzCore.framework; path = System/Library/Frameworks/QuartzCore.framework; sourceTree = SDKROOT; };
		4A1000000000000000000013 /* UIKit.framework */ = {isa = PBXFileReference; lastKnownFileType = wrapper.framework; name = UIKit.framework; path = System/Library/Frameworks/UIKit.framework; sourceTree = SDKROOT; };
		4A1000000000000000000014 /* HelloiOS.app */ = {isa = PBXFileReference; explicitFileType = wrapper.application; includeInIndex = 0; path = HelloiOS.app; sourceTree = BUILT_PRODUCTS_DIR; };
		4A1000000000000000000015 /* HalideKernels.xcframework */ = {isa = PBXFileReference; lastKnownFileType = wrapper.xcframework; name = HalideKernels.xcframework; path = ../Generators/build/HalideKernels.xcframework; sourceTree = SOURCE_ROOT; };
/* End PBXFileReference section */

/* Begin PBXFrameworksBuildPhase section */
		4A4000000000000000000002 /* Frameworks */ = {
			isa = PBXFrameworksBuildPhase;
			buildActionMask = 2147483647;
			files = (
				4A2000000000000000000008 /* CoreGraphics.framework in Frameworks */,
				4A2000000000000000000009 /* Foundation.framework in Frameworks */,
				4A200000000000000000000A /* Metal.framework in Frameworks */,
				4A200000000000000000000B /* QuartzCore.framework in Frameworks */,
				4A200000000000000000000C /* UIKit.framework in Frameworks */,
				4A200000000000000000000D /* HalideKernels.xcframework in Frameworks */,
			);
			runOnlyForDeploymentPostprocessing = 0;
		};
/* End PBXFrameworksBuildPhase section */

/* Begin PBXGroup section */
		4A3000000000000000000001 = {
			isa = PBXGroup;
			children = (
				4A1000000000000000000001 /* AppDelegate.h */,
				4A1000000000000000000002 /* AppDelegate.mm */,
				4A1000000000000000000003 /* HalideView.h */,
				4A1000000000000000000004 /* HalideView.mm */,
				4A1000000000000000000005 /* HalideViewController.h */,
				4A1000000000000000000006 /* HalideViewController.mm */,
				4A1000000000000000000007 /* SceneDelegate.h */,
				4A1000000000000000000008 /* SceneDelegate.mm */,
				4A1000000000000000000009 /* main.mm */,
				4A100000000000000000000A /* Images.xcassets */,
				4A100000000000000000000B /* InfoPlist.strings */,
				4A100000000000000000000C /* HelloiOS-Info.plist */,
				4A100000000000000000000D /* HelloiOS-Prefix.pch */,
				4A3000000000000000000003 /* Frameworks */,
				4A3000000000000000000002 /* Products */,
			);
			sourceTree = "<group>";
		};
		4A3000000000000000000002 /* Products */ = {
			isa = PBXGroup;
			children = (
				4A1000000000000000000014 /* HelloiOS.app */,
			);
			name = Products;
			sourceTree = "<group>";
		};
		4A3000000000000000000003 /* Frameworks */ = {
			isa = PBXGroup;
			children = (
				4A100000000000000000000F /* CoreGraphics.framework */,
				4A1000000000000000000010 /* Foundation.framework */,
				4A1000000000000000000011 /* Metal.framework */,
				4A1000000000000000000012 /* QuartzCore.framework */,
				4A1000000000000000000013 /* UIKit.framework */,
				4A1000000000000000000015 /* HalideKernels.xcframework */,
			);
			name = Frameworks;
			sourceTree = "<group>";
		};
/* End PBXGroup section */

/* Begin PBXNativeTarget section */
		4A5000000000000000000001 /* HelloiOS */ = {
			isa = PBXNativeTarget;
			buildConfigurationList = 4A7000000000000000000002 /* Build configuration list for PBXNativeTarget "HelloiOS" */;
			buildPhases = (
				4A4000000000000000000004 /* Build Halide Generators */,
				4A4000000000000000000001 /* Sources */,
				4A4000000000000000000002 /* Frameworks */,
				4A4000000000000000000003 /* Resources */,
			);
			buildRules = (
			);
			dependencies = (
			);
			name = HelloiOS;
			productName = HelloiOS;
			productReference = 4A1000000000000000000014 /* HelloiOS.app */;
			productType = "com.apple.product-type.application";
		};
/* End PBXNativeTarget section */

/* Begin PBXProject section */
		4A6000000000000000000001 /* Project object */ = {
			isa = PBXProject;
			attributes = {
				BuildIndependentTargetsInParallel = 1;
				LastUpgradeCheck = 2630;
			};
			buildConfigurationList = 4A7000000000000000000001 /* Build configuration list for PBXProject "HelloiOS" */;
			compatibilityVersion = "Xcode 14.0";
			developmentRegion = en;
			hasScannedForEncodings = 0;
			knownRegions = (
				en,
				Base,
			);
			mainGroup = 4A3000000000000000000001;
			productRefGroup = 4A3000000000000000000002 /* Products */;
			projectDirPath = "";
			projectRoot = "";
			targets = (
				4A5000000000000000000001 /* HelloiOS */,
			);
		};
/* End PBXProject section */

/* Begin PBXResourcesBuildPhase section */
		4A4000000000000000000003 /* Resources */ = {
			isa = PBXResourcesBuildPhase;
			buildActionMask = 2147483647;
			files = (
				4A2000000000000000000006 /* Images.xcassets in Resources */,
				4A2000000000000000000007 /* InfoPlist.strings in Resources */,
			);
			runOnlyForDeploymentPostprocessing = 0;
		};
/* End PBXResourcesBuildPhase section */

/* Begin PBXShellScriptBuildPhase section */
		4A4000000000000000000004 /* Build Halide Generators */ = {
			isa = PBXShellScriptBuildPhase;
			alwaysOutOfDate = 1;
			buildActionMask = 2147483647;
			files = (
			);
			inputPaths = (
			);
			name = "Build Halide Generators";
			outputPaths = (
			);
			runOnlyForDeploymentPostprocessing = 0;
			shellPath = /bin/bash;
			shellScript = "xcodebuild -project \"${PROJECT_DIR}/../Generators/build/HelloiOS-Generators.xcodeproj\" \\\n  -target HalideKernels \\\n  -configuration Release\n";
		};
/* End PBXShellScriptBuildPhase section */

/* Begin PBXSourcesBuildPhase section */
		4A4000000000000000000001 /* Sources */ = {
			isa = PBXSourcesBuildPhase;
			buildActionMask = 2147483647;
			files = (
				4A2000000000000000000001 /* AppDelegate.mm in Sources */,
				4A2000000000000000000002 /* HalideView.mm in Sources */,
				4A2000000000000000000003 /* HalideViewController.mm in Sources */,
				4A2000000000000000000004 /* SceneDelegate.mm in Sources */,
				4A2000000000000000000005 /* main.mm in Sources */,
			);
			runOnlyForDeploymentPostprocessing = 0;
		};
/* End PBXSourcesBuildPhase section */

/* Begin XCBuildConfiguration section */
		4A8000000000000000000001 /* Debug */ = {
			isa = XCBuildConfiguration;
			buildSettings = {
				ALWAYS_SEARCH_USER_PATHS = NO;
				CLANG_ANALYZER_NONNULL = YES;
				CLANG_ENABLE_MODULES = YES;
				CLANG_WARN_BLOCK_CAPTURE_AUTORELEASING = YES;
				CLANG_WARN_BOOL_CONVERSION = YES;
				CLANG_WARN_COMMA = YES;
				CLANG_WARN_CONSTANT_CONVERSION = YES;
				CLANG_WARN_DEPRECATED_OBJC_IMPLEMENTATIONS = YES;
				CLANG_WARN_DIRECT_OBJC_ISA_USAGE = YES_ERROR;
				CLANG_WARN_EMPTY_BODY = YES;
				CLANG_WARN_ENUM_CONVERSION = YES;
				CLANG_WARN_INFINITE_RECURSION = YES;
				CLANG_WARN_INT_CONVERSION = YES;
				CLANG_WARN_NON_LITERAL_NULL_CONVERSION = YES;
				CLANG_WARN_OBJC_IMPLICIT_RETAIN_SELF = YES;
				CLANG_WARN_OBJC_LITERAL_CONVERSION = YES;
				CLANG_WARN_OBJC_ROOT_CLASS = YES_ERROR;
				CLANG_WARN_QUOTED_INCLUDE_IN_FRAMEWORK_HEADER = YES;
				CLANG_WARN_RANGE_LOOP_ANALYSIS = YES;
				CLANG_WARN_STRICT_PROTOTYPES = YES;
				CLANG_WARN_SUSPICIOUS_MOVE = YES;
				CLANG_WARN_UNREACHABLE_CODE = YES;
				CLANG_WARN__DUPLICATE_METHOD_MATCH = YES;
				COPY_PHASE_STRIP = NO;
				DEAD_CODE_STRIPPING = YES;
				DEBUG_INFORMATION_FORMAT = dwarf;
				ENABLE_STRICT_OBJC_MSGSEND = YES;
				ENABLE_TESTABILITY = YES;
				GCC_DYNAMIC_NO_PIC = NO;
				GCC_NO_COMMON_BLOCKS = YES;
				GCC_OPTIMIZATION_LEVEL = 0;
				GCC_PREPROCESSOR_DEFINITIONS = (
					"DEBUG=1",
					"$(inherited)",
				);
				GCC_WARN_64_TO_32_BIT_CONVERSION = YES;
				GCC_WARN_ABOUT_RETURN_TYPE = YES_ERROR;
				GCC_WARN_UNDECLARED_SELECTOR = YES;
				GCC_WARN_UNINITIALIZED_AUTOS = YES_AGGRESSIVE;
				GCC_WARN_UNUSED_FUNCTION = YES;
				GCC_WARN_UNUSED_VARIABLE = YES;
				MTL_ENABLE_DEBUG_INFO = INCLUDE_SOURCE;
				MTL_FAST_MATH = YES;
				ONLY_ACTIVE_ARCH = YES;
				STRING_CATALOG_GENERATE_SYMBOLS = YES;
			};
			name = Debug;
		};
		4A8000000000000000000002 /* Release */ = {
			isa = XCBuildConfiguration;
			buildSettings = {
				ALWAYS_SEARCH_USER_PATHS = NO;
				CLANG_ANALYZER_NONNULL = YES;
				CLANG_ENABLE_MODULES = YES;
				CLANG_WARN_BLOCK_CAPTURE_AUTORELEASING = YES;
				CLANG_WARN_BOOL_CONVERSION = YES;
				CLANG_WARN_COMMA = YES;
				CLANG_WARN_CONSTANT_CONVERSION = YES;
				CLANG_WARN_DEPRECATED_OBJC_IMPLEMENTATIONS = YES;
				CLANG_WARN_DIRECT_OBJC_ISA_USAGE = YES_ERROR;
				CLANG_WARN_EMPTY_BODY = YES;
				CLANG_WARN_ENUM_CONVERSION = YES;
				CLANG_WARN_INFINITE_RECURSION = YES;
				CLANG_WARN_INT_CONVERSION = YES;
				CLANG_WARN_NON_LITERAL_NULL_CONVERSION = YES;
				CLANG_WARN_OBJC_IMPLICIT_RETAIN_SELF = YES;
				CLANG_WARN_OBJC_LITERAL_CONVERSION = YES;
				CLANG_WARN_OBJC_ROOT_CLASS = YES_ERROR;
				CLANG_WARN_QUOTED_INCLUDE_IN_FRAMEWORK_HEADER = YES;
				CLANG_WARN_RANGE_LOOP_ANALYSIS = YES;
				CLANG_WARN_STRICT_PROTOTYPES = YES;
				CLANG_WARN_SUSPICIOUS_MOVE = YES;
				CLANG_WARN_UNREACHABLE_CODE = YES;
				CLANG_WARN__DUPLICATE_METHOD_MATCH = YES;
				COPY_PHASE_STRIP = NO;
				DEAD_CODE_STRIPPING = YES;
				DEBUG_INFORMATION_FORMAT = "dwarf-with-dsym";
				ENABLE_NS_ASSERTIONS = NO;
				ENABLE_STRICT_OBJC_MSGSEND = YES;
				GCC_NO_COMMON_BLOCKS = YES;
				GCC_WARN_64_TO_32_BIT_CONVERSION = YES;
				GCC_WARN_ABOUT_RETURN_TYPE = YES_ERROR;
				GCC_WARN_UNDECLARED_SELECTOR = YES;
				GCC_WARN_UNINITIALIZED_AUTOS = YES_AGGRESSIVE;
				GCC_WARN_UNUSED_FUNCTION = YES;
				GCC_WARN_UNUSED_VARIABLE = YES;
				MTL_ENABLE_DEBUG_INFO = NO;
				MTL_FAST_MATH = YES;
				STRING_CATALOG_GENERATE_SYMBOLS = YES;
				VALIDATE_PRODUCT = YES;
			};
			name = Release;
		};
		4A8000000000000000000003 /* Debug */ = {
			isa = XCBuildConfiguration;
			buildSettings = {
				ASSETCATALOG_COMPILER_APPICON_NAME = AppIcon;
				CLANG_CXX_LANGUAGE_STANDARD = "c++17";
				CLANG_ENABLE_OBJC_ARC = YES;
				CODE_SIGN_IDENTITY = "-";
				ENABLE_BITCODE = NO;
				EXCLUDED_ARCHS = x86_64;
				GCC_PRECOMPILE_PREFIX_HEADER = YES;
				GCC_PREFIX_HEADER = "HelloiOS-Prefix.pch";
				INFOPLIST_FILE = "HelloiOS-Info.plist";
				IPHONEOS_DEPLOYMENT_TARGET = 15.0;
				PRODUCT_BUNDLE_IDENTIFIER = org.halide.HelloiOS;
				PRODUCT_NAME = HelloiOS;
				PROVISIONING_PROFILE_SPECIFIER = "";
				SDKROOT = iphoneos;
				SUPPORTED_PLATFORMS = "iphoneos iphonesimulator";
				TARGETED_DEVICE_FAMILY = "1,2";
			};
			name = Debug;
		};
		4A8000000000000000000004 /* Release */ = {
			isa = XCBuildConfiguration;
			buildSettings = {
				ASSETCATALOG_COMPILER_APPICON_NAME = AppIcon;
				CLANG_CXX_LANGUAGE_STANDARD = "c++17";
				CLANG_ENABLE_OBJC_ARC = YES;
				CODE_SIGN_IDENTITY = "-";
				ENABLE_BITCODE = NO;
				EXCLUDED_ARCHS = x86_64;
				GCC_PRECOMPILE_PREFIX_HEADER = YES;
				GCC_PREFIX_HEADER = "HelloiOS-Prefix.pch";
				INFOPLIST_FILE = "HelloiOS-Info.plist";
				IPHONEOS_DEPLOYMENT_TARGET = 15.0;
				PRODUCT_BUNDLE_IDENTIFIER = org.halide.HelloiOS;
				PRODUCT_NAME = HelloiOS;
				PROVISIONING_PROFILE_SPECIFIER = "";
				SDKROOT = iphoneos;
				SUPPORTED_PLATFORMS = "iphoneos iphonesimulator";
				TARGETED_DEVICE_FAMILY = "1,2";
			};
			name = Release;
		};
/* End XCBuildConfiguration section */

/* Begin XCConfigurationList section */
		4A7000000000000000000001 /* Build configuration list for PBXProject "HelloiOS" */ = {
			isa = XCConfigurationList;
			buildConfigurations = (
				4A8000000000000000000001 /* Debug */,
				4A8000000000000000000002 /* Release */,
			);
			defaultConfigurationIsVisible = 0;
			defaultConfigurationName = Release;
		};
		4A7000000000000000000002 /* Build configuration list for PBXNativeTarget "HelloiOS" */ = {
			isa = XCConfigurationList;
			buildConfigurations = (
				4A8000000000000000000003 /* Debug */,
				4A8000000000000000000004 /* Release */,
			);
			defaultConfigurationIsVisible = 0;
			defaultConfigurationName = Release;
		};
/* End XCConfigurationList section */
	};
	rootObject = 4A6000000000000000000001 /* Project object */;
}
