<?xml version="1.0" encoding="utf-8"?>
<Project ToolsVersion="4.0" xmlns="http://schemas.microsoft.com/developer/msbuild/2003">
  <ItemGroup>
    <Filter Include="Source Files">
      <UniqueIdentifier>{4FC737F1-C7A5-4376-A066-2A32D752A2FF}</UniqueIdentifier>
      <Extensions>cpp;c;cc;cxx;def;odl;idl;hpj;bat;asm;asmx</Extensions>
    </Filter>
    <Filter Include="Header Files">
      <UniqueIdentifier>{93995380-89BD-4b04-88EB-625FBE52EBFB}</UniqueIdentifier>
      <Extensions>h;hpp;hxx;hm;inl;inc;xsd</Extensions>
    </Filter>
    <Filter Include="Resource Files">
      <UniqueIdentifier>{67DA6AB6-F800-4c08-8B7A-83BB121AAD01}</UniqueIdentifier>
      <Extensions>rc;ico;cur;bmp;dlg;rc2;rct;bin;rgs;gif;jpg;jpeg;jpe;resx;tiff;tif;png;wav;mfcribbon-ms</Extensions>
    </Filter>
  </ItemGroup>
  <ItemGroup>
    <ClInclude Include="..\src\Argument.h">
      <Filter>Header Files</Filter>
    </ClInclude>
    <ClInclude Include="..\src\Bounds.h">
      <Filter>Header Files</Filter>
    </ClInclude>
    <ClInclude Include="..\src\BoundsInference.h">
      <Filter>Header Files</Filter>
    </ClInclude>
    <ClInclude Include="..\src\Buffer.h">
      <Filter>Header Files</Filter>
    </ClInclude>
    <ClInclude Include="..\src\buffer_t.h">
      <Filter>Header Files</Filter>
    </ClInclude>
    <ClInclude Include="..\src\CodeGen.h">
      <Filter>Header Files</Filter>
    </ClInclude>
    <ClInclude Include="..\src\CodeGen_ARM.h">
      <Filter>Header Files</Filter>
    </ClInclude>
    <ClInclude Include="..\src\CodeGen_C.h">
      <Filter>Header Files</Filter>
    </ClInclude>
    <ClInclude Include="..\src\CodeGen_Posix.h">
      <Filter>Header Files</Filter>
    </ClInclude>
    <ClInclude Include="..\src\CodeGen_X86.h">
      <Filter>Header Files</Filter>
    </ClInclude>
    <ClInclude Include="..\src\DebugToFile.h">
      <Filter>Header Files</Filter>
    </ClInclude>
    <ClInclude Include="..\src\Deinterleave.h">
      <Filter>Header Files</Filter>
    </ClInclude>
    <ClInclude Include="..\src\Derivative.h">
      <Filter>Header Files</Filter>
    </ClInclude>
    <ClInclude Include="..\src\Extern.h">
      <Filter>Header Files</Filter>
    </ClInclude>
    <ClInclude Include="..\src\Func.h">
      <Filter>Header Files</Filter>
    </ClInclude>
    <ClInclude Include="..\src\Function.h">
      <Filter>Header Files</Filter>
    </ClInclude>
    <ClInclude Include="..\src\Image.h">
      <Filter>Header Files</Filter>
    </ClInclude>
    <ClInclude Include="..\src\InlineReductions.h">
      <Filter>Header Files</Filter>
    </ClInclude>
    <ClInclude Include="..\src\integer_division_table.h">
      <Filter>Header Files</Filter>
    </ClInclude>
    <ClInclude Include="..\src\IntrusivePtr.h">
      <Filter>Header Files</Filter>
    </ClInclude>
    <ClInclude Include="..\src\IR.h">
      <Filter>Header Files</Filter>
    </ClInclude>
    <ClInclude Include="..\src\IREquality.h">
      <Filter>Header Files</Filter>
    </ClInclude>
    <ClInclude Include="..\src\IRMatch.h">
      <Filter>Header Files</Filter>
    </ClInclude>
    <ClInclude Include="..\src\IRMutator.h">
      <Filter>Header Files</Filter>
    </ClInclude>
    <ClInclude Include="..\src\IROperator.h">
      <Filter>Header Files</Filter>
    </ClInclude>
    <ClInclude Include="..\src\IRPrinter.h">
      <Filter>Header Files</Filter>
    </ClInclude>
    <ClInclude Include="..\src\IRVisitor.h">
      <Filter>Header Files</Filter>
    </ClInclude>
    <ClInclude Include="..\src\JITCompiledModule.h">
      <Filter>Header Files</Filter>
    </ClInclude>
    <ClInclude Include="..\src\Lambda.h">
      <Filter>Header Files</Filter>
    </ClInclude>
    <ClInclude Include="..\src\Log.h">
      <Filter>Header Files</Filter>
    </ClInclude>
    <ClInclude Include="..\src\Lower.h">
      <Filter>Header Files</Filter>
    </ClInclude>
    <ClInclude Include="..\src\MainPage.h">
      <Filter>Header Files</Filter>
    </ClInclude>
    <ClInclude Include="..\src\ModulusRemainder.h">
      <Filter>Header Files</Filter>
    </ClInclude>
    <ClInclude Include="..\src\Param.h">
      <Filter>Header Files</Filter>
    </ClInclude>
    <ClInclude Include="..\src\Parameter.h">
      <Filter>Header Files</Filter>
    </ClInclude>
    <ClInclude Include="..\src\RDom.h">
      <Filter>Header Files</Filter>
    </ClInclude>
    <ClInclude Include="..\src\Reduction.h">
      <Filter>Header Files</Filter>
    </ClInclude>
    <ClInclude Include="..\src\RemoveDeadLets.h">
      <Filter>Header Files</Filter>
    </ClInclude>
    <ClInclude Include="..\src\RemoveTrivialForLoops.h">
      <Filter>Header Files</Filter>
    </ClInclude>
    <ClInclude Include="..\src\Schedule.h">
      <Filter>Header Files</Filter>
    </ClInclude>
    <ClInclude Include="..\src\Scope.h">
      <Filter>Header Files</Filter>
    </ClInclude>
    <ClInclude Include="..\src\Simplify.h">
      <Filter>Header Files</Filter>
    </ClInclude>
    <ClInclude Include="..\src\SlidingWindow.h">
      <Filter>Header Files</Filter>
    </ClInclude>
    <ClInclude Include="..\src\StmtCompiler.h">
      <Filter>Header Files</Filter>
    </ClInclude>
    <ClInclude Include="..\src\StorageFlattening.h">
      <Filter>Header Files</Filter>
    </ClInclude>
    <ClInclude Include="..\src\StorageFolding.h">
      <Filter>Header Files</Filter>
    </ClInclude>
    <ClInclude Include="..\src\Substitute.h">
      <Filter>Header Files</Filter>
    </ClInclude>
    <ClInclude Include="..\src\Tracing.h">
      <Filter>Header Files</Filter>
    </ClInclude>
    <ClInclude Include="..\src\Type.h">
      <Filter>Header Files</Filter>
    </ClInclude>
    <ClInclude Include="..\src\UnrollLoops.h">
      <Filter>Header Files</Filter>
    </ClInclude>
    <ClInclude Include="..\src\Util.h">
      <Filter>Header Files</Filter>
    </ClInclude>
    <ClInclude Include="..\src\Var.h">
      <Filter>Header Files</Filter>
    </ClInclude>
    <ClInclude Include="..\src\VectorizeLoops.h">
      <Filter>Header Files</Filter>
    </ClInclude>
  </ItemGroup>
</Project>