// !$*UTF8*$!
{
	archiveVersion = 1;
	classes = {
	};
	objectVersion = 46;
	objects = {

/* Begin PBXBuildFile section */
		1440FDD11DDF9E2600B55760 /* HalideViewController.mm in Sources */ = {isa = PBXBuildFile; fileRef = 1440FDD01DDF9E2600B55760 /* HalideViewController.mm */; };
		14F463431E1F0BC2002C2EA2 /* reaction_diffusion_2_init.a in Frameworks */ = {isa = PBXBuildFile; fileRef = 14F463421E1F0BC2002C2EA2 /* reaction_diffusion_2_init.a */; };
		14F463461E1F14C5002C2EA2 /* reaction_diffusion_2_render.a in Frameworks */ = {isa = PBXBuildFile; fileRef = 14F463441E1F14C5002C2EA2 /* reaction_diffusion_2_render.a */; };
		14F463471E1F14C5002C2EA2 /* reaction_diffusion_2_update.a in Frameworks */ = {isa = PBXBuildFile; fileRef = 14F463451E1F14C5002C2EA2 /* reaction_diffusion_2_update.a */; };
		14F463511E1F1501002C2EA2 /* reaction_diffusion_2_metal_init.a in Frameworks */ = {isa = PBXBuildFile; fileRef = 14F463491E1F1501002C2EA2 /* reaction_diffusion_2_metal_init.a */; };
		14F463521E1F1501002C2EA2 /* reaction_diffusion_2_metal_render.a in Frameworks */ = {isa = PBXBuildFile; fileRef = 14F4634B1E1F1501002C2EA2 /* reaction_diffusion_2_metal_render.a */; };
		14F463531E1F1501002C2EA2 /* reaction_diffusion_2_metal_update.a in Frameworks */ = {isa = PBXBuildFile; fileRef = 14F4634D1E1F1501002C2EA2 /* reaction_diffusion_2_metal_update.a */; };
		29A23DAC1B33E68C00A92A6F /* Metal.framework in Frameworks */ = {isa = PBXBuildFile; fileRef = 29A23DAB1B33E68C00A92A6F /* Metal.framework */; };
		3D6C4DBB198051DB002AD41E /* Foundation.framework in Frameworks */ = {isa = PBXBuildFile; fileRef = 3D6C4DBA198051DB002AD41E /* Foundation.framework */; };
		3D6C4DBD198051DB002AD41E /* CoreGraphics.framework in Frameworks */ = {isa = PBXBuildFile; fileRef = 3D6C4DBC198051DB002AD41E /* CoreGraphics.framework */; };
		3D6C4DBF198051DB002AD41E /* UIKit.framework in Frameworks */ = {isa = PBXBuildFile; fileRef = 3D6C4DBE198051DB002AD41E /* UIKit.framework */; };
		3D6C4DC5198051DB002AD41E /* InfoPlist.strings in Resources */ = {isa = PBXBuildFile; fileRef = 3D6C4DC3198051DB002AD41E /* InfoPlist.strings */; };
		3D6C4DC7198051DB002AD41E /* main.mm in Sources */ = {isa = PBXBuildFile; fileRef = 3D6C4DC6198051DB002AD41E /* main.mm */; };
		3D6C4DCB198051DB002AD41E /* AppDelegate.mm in Sources */ = {isa = PBXBuildFile; fileRef = 3D6C4DCA198051DB002AD41E /* AppDelegate.mm */; };
		3D6C4DCD198051DB002AD41E /* Images.xcassets in Resources */ = {isa = PBXBuildFile; fileRef = 3D6C4DCC198051DB002AD41E /* Images.xcassets */; };
		3D6C4DEB19805225002AD41E /* HalideView.mm in Sources */ = {isa = PBXBuildFile; fileRef = 3D6C4DEA19805225002AD41E /* HalideView.mm */; };
		3D6C4DF619805438002AD41E /* QuartzCore.framework in Frameworks */ = {isa = PBXBuildFile; fileRef = 3D6C4DF519805438002AD41E /* QuartzCore.framework */; };
/* End PBXBuildFile section */

/* Begin PBXFileReference section */
		1440FDCF1DDF9E2600B55760 /* HalideViewController.h */ = {isa = PBXFileReference; fileEncoding = 4; lastKnownFileType = sourcecode.c.h; path = HalideViewController.h; sourceTree = "<group>"; };
		1440FDD01DDF9E2600B55760 /* HalideViewController.mm */ = {isa = PBXFileReference; fileEncoding = 4; lastKnownFileType = sourcecode.c.objc; path = HalideViewController.mm; sourceTree = "<group>"; };
		14F463421E1F0BC2002C2EA2 /* reaction_diffusion_2_init.a */ = {isa = PBXFileReference; lastKnownFileType = archive.ar; path = reaction_diffusion_2_init.a; sourceTree = "<group>"; };
		14F463441E1F14C5002C2EA2 /* reaction_diffusion_2_render.a */ = {isa = PBXFileReference; lastKnownFileType = archive.ar; path = reaction_diffusion_2_render.a; sourceTree = "<group>"; };
		14F463451E1F14C5002C2EA2 /* reaction_diffusion_2_update.a */ = {isa = PBXFileReference; lastKnownFileType = archive.ar; path = reaction_diffusion_2_update.a; sourceTree = "<group>"; };
		14F463481E1F1501002C2EA2 /* reaction_diffusion_2_init.h */ = {isa = PBXFileReference; fileEncoding = 4; lastKnownFileType = sourcecode.c.h; path = reaction_diffusion_2_init.h; sourceTree = "<group>"; };
		14F463491E1F1501002C2EA2 /* reaction_diffusion_2_metal_init.a */ = {isa = PBXFileReference; lastKnownFileType = archive.ar; path = reaction_diffusion_2_metal_init.a; sourceTree = "<group>"; };
		14F4634A1E1F1501002C2EA2 /* reaction_diffusion_2_metal_init.h */ = {isa = PBXFileReference; fileEncoding = 4; lastKnownFileType = sourcecode.c.h; path = reaction_diffusion_2_metal_init.h; sourceTree = "<group>"; };
		14F4634B1E1F1501002C2EA2 /* reaction_diffusion_2_metal_render.a */ = {isa = PBXFileReference; lastKnownFileType = archive.ar; path = reaction_diffusion_2_metal_render.a; sourceTree = "<group>"; };
		14F4634C1E1F1501002C2EA2 /* reaction_diffusion_2_metal_render.h */ = {isa = PBXFileReference; fileEncoding = 4; lastKnownFileType = sourcecode.c.h; path = reaction_diffusion_2_metal_render.h; sourceTree = "<group>"; };
		14F4634D1E1F1501002C2EA2 /* reaction_diffusion_2_metal_update.a */ = {isa = PBXFileReference; lastKnownFileType = archive.ar; path = reaction_diffusion_2_metal_update.a; sourceTree = "<group>"; };
		14F4634E1E1F1501002C2EA2 /* reaction_diffusion_2_metal_update.h */ = {isa = PBXFileReference; fileEncoding = 4; lastKnownFileType = sourcecode.c.h; path = reaction_diffusion_2_metal_update.h; sourceTree = "<group>"; };
		14F4634F1E1F1501002C2EA2 /* reaction_diffusion_2_render.h */ = {isa = PBXFileReference; fileEncoding = 4; lastKnownFileType = sourcecode.c.h; path = reaction_diffusion_2_render.h; sourceTree = "<group>"; };
		14F463501E1F1501002C2EA2 /* reaction_diffusion_2_update.h */ = {isa = PBXFileReference; fileEncoding = 4; lastKnownFileType = sourcecode.c.h; path = reaction_diffusion_2_update.h; sourceTree = "<group>"; };
		29A23DAB1B33E68C00A92A6F /* Metal.framework */ = {isa = PBXFileReference; lastKnownFileType = wrapper.framework; name = Metal.framework; path = System/Library/Frameworks/Metal.framework; sourceTree = SDKROOT; };
		3D6C4DB7198051DB002AD41E /* HelloiOS.app */ = {isa = PBXFileReference; explicitFileType = wrapper.application; includeInIndex = 0; path = HelloiOS.app; sourceTree = BUILT_PRODUCTS_DIR; };
		3D6C4DBA198051DB002AD41E /* Foundation.framework */ = {isa = PBXFileReference; lastKnownFileType = wrapper.framework; name = Foundation.framework; path = System/Library/Frameworks/Foundation.framework; sourceTree = SDKROOT; };
		3D6C4DBC198051DB002AD41E /* CoreGraphics.framework */ = {isa = PBXFileReference; lastKnownFileType = wrapper.framework; name = CoreGraphics.framework; path = System/Library/Frameworks/CoreGraphics.framework; sourceTree = SDKROOT; };
		3D6C4DBE198051DB002AD41E /* UIKit.framework */ = {isa = PBXFileReference; lastKnownFileType = wrapper.framework; name = UIKit.framework; path = System/Library/Frameworks/UIKit.framework; sourceTree = SDKROOT; };
		3D6C4DC2198051DB002AD41E /* HelloiOS-Info.plist */ = {isa = PBXFileReference; lastKnownFileType = text.plist.xml; path = "HelloiOS-Info.plist"; sourceTree = "<group>"; };
		3D6C4DC4198051DB002AD41E /* en */ = {isa = PBXFileReference; lastKnownFileType = text.plist.strings; name = en; path = en.lproj/InfoPlist.strings; sourceTree = "<group>"; };
		3D6C4DC6198051DB002AD41E /* main.mm */ = {isa = PBXFileReference; lastKnownFileType = sourcecode.c.objc; path = main.mm; sourceTree = "<group>"; };
		3D6C4DC8198051DB002AD41E /* HelloiOS-Prefix.pch */ = {isa = PBXFileReference; lastKnownFileType = sourcecode.c.h; path = "HelloiOS-Prefix.pch"; sourceTree = "<group>"; };
		3D6C4DC9198051DB002AD41E /* AppDelegate.h */ = {isa = PBXFileReference; lastKnownFileType = sourcecode.c.h; path = AppDelegate.h; sourceTree = "<group>"; };
		3D6C4DCA198051DB002AD41E /* AppDelegate.mm */ = {isa = PBXFileReference; lastKnownFileType = sourcecode.c.objc; path = AppDelegate.mm; sourceTree = "<group>"; };
		3D6C4DCC198051DB002AD41E /* Images.xcassets */ = {isa = PBXFileReference; lastKnownFileType = folder.assetcatalog; path = Images.xcassets; sourceTree = "<group>"; };
		3D6C4DE919805225002AD41E /* HalideView.h */ = {isa = PBXFileReference; fileEncoding = 4; lastKnownFileType = sourcecode.c.h; path = HalideView.h; sourceTree = "<group>"; };
		3D6C4DEA19805225002AD41E /* HalideView.mm */ = {isa = PBXFileReference; fileEncoding = 4; lastKnownFileType = sourcecode.c.objc; path = HalideView.mm; sourceTree = "<group>"; };
		3D6C4DEC1980522C002AD41E /* reaction_diffusion_2_generator.cpp */ = {isa = PBXFileReference; fileEncoding = 4; lastKnownFileType = sourcecode.cpp.cpp; path = reaction_diffusion_2_generator.cpp; sourceTree = "<group>"; usesTabs = 0; };
		3D6C4DF519805438002AD41E /* QuartzCore.framework */ = {isa = PBXFileReference; lastKnownFileType = wrapper.framework; name = QuartzCore.framework; path = System/Library/Frameworks/QuartzCore.framework; sourceTree = SDKROOT; };
/* End PBXFileReference section */

/* Begin PBXFrameworksBuildPhase section */
		3D6C4DB4198051DB002AD41E /* Frameworks */ = {
			isa = PBXFrameworksBuildPhase;
			buildActionMask = 2147483647;
			files = (
				29A23DAC1B33E68C00A92A6F /* Metal.framework in Frameworks */,
				14F463431E1F0BC2002C2EA2 /* reaction_diffusion_2_init.a in Frameworks */,
				14F463471E1F14C5002C2EA2 /* reaction_diffusion_2_update.a in Frameworks */,
				3D6C4DF619805438002AD41E /* QuartzCore.framework in Frameworks */,
				14F463461E1F14C5002C2EA2 /* reaction_diffusion_2_render.a in Frameworks */,
				3D6C4DBD198051DB002AD41E /* CoreGraphics.framework in Frameworks */,
				3D6C4DBF198051DB002AD41E /* UIKit.framework in Frameworks */,
				14F463511E1F1501002C2EA2 /* reaction_diffusion_2_metal_init.a in Frameworks */,
				3D6C4DBB198051DB002AD41E /* Foundation.framework in Frameworks */,
				14F463531E1F1501002C2EA2 /* reaction_diffusion_2_metal_update.a in Frameworks */,
				14F463521E1F1501002C2EA2 /* reaction_diffusion_2_metal_render.a in Frameworks */,
			);
			runOnlyForDeploymentPostprocessing = 0;
		};
/* End PBXFrameworksBuildPhase section */

/* Begin PBXGroup section */
		14F4631C1E1EE4EE002C2EA2 /* Derived */ = {
			isa = PBXGroup;
			children = (
				14F463481E1F1501002C2EA2 /* reaction_diffusion_2_init.h */,
				14F463491E1F1501002C2EA2 /* reaction_diffusion_2_metal_init.a */,
				14F4634A1E1F1501002C2EA2 /* reaction_diffusion_2_metal_init.h */,
				14F4634B1E1F1501002C2EA2 /* reaction_diffusion_2_metal_render.a */,
				14F4634C1E1F1501002C2EA2 /* reaction_diffusion_2_metal_render.h */,
				14F4634D1E1F1501002C2EA2 /* reaction_diffusion_2_metal_update.a */,
				14F4634E1E1F1501002C2EA2 /* reaction_diffusion_2_metal_update.h */,
				14F4634F1E1F1501002C2EA2 /* reaction_diffusion_2_render.h */,
				14F463501E1F1501002C2EA2 /* reaction_diffusion_2_update.h */,
				14F463421E1F0BC2002C2EA2 /* reaction_diffusion_2_init.a */,
				14F463441E1F14C5002C2EA2 /* reaction_diffusion_2_render.a */,
				14F463451E1F14C5002C2EA2 /* reaction_diffusion_2_update.a */,
			);
			name = Derived;
			sourceTree = DERIVED_FILE_DIR;
		};
		3D6C4DAE198051DB002AD41E = {
			isa = PBXGroup;
			children = (
				3D6C4DC0198051DB002AD41E /* HelloiOS */,
				3D6C4DB9198051DB002AD41E /* Frameworks */,
				3D6C4DB8198051DB002AD41E /* Products */,
			);
			sourceTree = "<group>";
		};
		3D6C4DB8198051DB002AD41E /* Products */ = {
			isa = PBXGroup;
			children = (
				3D6C4DB7198051DB002AD41E /* HelloiOS.app */,
			);
			name = Products;
			sourceTree = "<group>";
		};
		3D6C4DB9198051DB002AD41E /* Frameworks */ = {
			isa = PBXGroup;
			children = (
				14F4631C1E1EE4EE002C2EA2 /* Derived */,
				29A23DAB1B33E68C00A92A6F /* Metal.framework */,
				3D6C4DF519805438002AD41E /* QuartzCore.framework */,
				3D6C4DBA198051DB002AD41E /* Foundation.framework */,
				3D6C4DBC198051DB002AD41E /* CoreGraphics.framework */,
				3D6C4DBE198051DB002AD41E /* UIKit.framework */,
			);
			name = Frameworks;
			sourceTree = "<group>";
		};
		3D6C4DC0198051DB002AD41E /* HelloiOS */ = {
			isa = PBXGroup;
			children = (
				3D6C4DC9198051DB002AD41E /* AppDelegate.h */,
				3D6C4DCA198051DB002AD41E /* AppDelegate.mm */,
				3D6C4DEC1980522C002AD41E /* reaction_diffusion_2_generator.cpp */,
				3D6C4DE919805225002AD41E /* HalideView.h */,
				3D6C4DEA19805225002AD41E /* HalideView.mm */,
				1440FDCF1DDF9E2600B55760 /* HalideViewController.h */,
				1440FDD01DDF9E2600B55760 /* HalideViewController.mm */,
				3D6C4DCC198051DB002AD41E /* Images.xcassets */,
				3D6C4DC1198051DB002AD41E /* Supporting Files */,
			);
			path = HelloiOS;
			sourceTree = "<group>";
		};
		3D6C4DC1198051DB002AD41E /* Supporting Files */ = {
			isa = PBXGroup;
			children = (
				3D6C4DC2198051DB002AD41E /* HelloiOS-Info.plist */,
				3D6C4DC3198051DB002AD41E /* InfoPlist.strings */,
				3D6C4DC6198051DB002AD41E /* main.mm */,
				3D6C4DC8198051DB002AD41E /* HelloiOS-Prefix.pch */,
			);
			name = "Supporting Files";
			sourceTree = "<group>";
		};
/* End PBXGroup section */

/* Begin PBXNativeTarget section */
		3D6C4DB6198051DB002AD41E /* HelloiOS */ = {
			isa = PBXNativeTarget;
			buildConfigurationList = 3D6C4DE3198051DB002AD41E /* Build configuration list for PBXNativeTarget "HelloiOS" */;
			buildPhases = (
				3D6C4DEE19805270002AD41E /* ShellScript */,
				3D6C4DB3198051DB002AD41E /* Sources */,
				3D6C4DB4198051DB002AD41E /* Frameworks */,
				3D6C4DB5198051DB002AD41E /* Resources */,
			);
			buildRules = (
			);
			dependencies = (
			);
			name = HelloiOS;
			productName = HelloiOS;
			productReference = 3D6C4DB7198051DB002AD41E /* HelloiOS.app */;
			productType = "com.apple.product-type.application";
		};
/* End PBXNativeTarget section */

/* Begin PBXProject section */
		3D6C4DAF198051DB002AD41E /* Project object */ = {
			isa = PBXProject;
			attributes = {
				LastUpgradeCheck = 1000;
				ORGANIZATIONNAME = "Andrew Adams";
			};
			buildConfigurationList = 3D6C4DB2198051DB002AD41E /* Build configuration list for PBXProject "HelloiOS" */;
			compatibilityVersion = "Xcode 3.2";
			developmentRegion = English;
			hasScannedForEncodings = 0;
			knownRegions = (
				en,
			);
			mainGroup = 3D6C4DAE198051DB002AD41E;
			productRefGroup = 3D6C4DB8198051DB002AD41E /* Products */;
			projectDirPath = "";
			projectRoot = "";
			targets = (
				3D6C4DB6198051DB002AD41E /* HelloiOS */,
			);
		};
/* End PBXProject section */

/* Begin PBXResourcesBuildPhase section */
		3D6C4DB5198051DB002AD41E /* Resources */ = {
			isa = PBXResourcesBuildPhase;
			buildActionMask = 2147483647;
			files = (
				3D6C4DC5198051DB002AD41E /* InfoPlist.strings in Resources */,
				3D6C4DCD198051DB002AD41E /* Images.xcassets in Resources */,
			);
			runOnlyForDeploymentPostprocessing = 0;
		};
/* End PBXResourcesBuildPhase section */

/* Begin PBXShellScriptBuildPhase section */
		3D6C4DEE19805270002AD41E /* ShellScript */ = {
			isa = PBXShellScriptBuildPhase;
			buildActionMask = 2147483647;
			files = (
			);
			inputPaths = (
				"$(SRCROOT)/reaction_diffusion_2_generator.cpp",
				"$(SRCROOT)/../../bin/libHalide.a",
				"$(SRCROOT)/../../include/Halide.h",
			);
			outputPaths = (
				"$(DERIVED_FILE_DIR)/reaction_diffusion_2_generator",
				"$(DERIVED_FILE_DIR)/reaction_diffusion_2_init.a",
				"$(DERIVED_FILE_DIR)/reaction_diffusion_2_init.h",
				"$(DERIVED_FILE_DIR)/reaction_diffusion_2_update.a",
				"$(DERIVED_FILE_DIR)/reaction_diffusion_2_update.h",
				"$(DERIVED_FILE_DIR)/reaction_diffusion_2_render.a",
				"$(DERIVED_FILE_DIR)/reaction_diffusion_2_render.h",
				"$(DERIVED_FILE_DIR)/reaction_diffusion_2_metal_init.a",
				"$(DERIVED_FILE_DIR)/reaction_diffusion_2_metal_init.h",
				"$(DERIVED_FILE_DIR)/reaction_diffusion_2_metal_update.a",
				"$(DERIVED_FILE_DIR)/reaction_diffusion_2_metal_update.h",
				"$(DERIVED_FILE_DIR)/reaction_diffusion_2_metal_render.a",
				"$(DERIVED_FILE_DIR)/reaction_diffusion_2_metal_render.h",
			);
			runOnlyForDeploymentPostprocessing = 0;
			shellPath = /bin/bash;
			shellScript = "echo \"${SRCROOT}\"\ncd \"${SRCROOT}/HelloiOS\"\n\nenv\n# Echoing commands to output makes it easier to debug XCode failures.\n# Failure on undefined vars is always a good idea.\nset -ex\n\n# xcode puts all sorts of junk in the environment which\n# prevents building a binary for osx (instead of ios).\n# sudo'ing to yourself gives a fresh environment.\nsudo -u ${USER} \\\nc++ reaction_diffusion_2_generator.cpp ${SRCROOT}/../../tools/GenGen.cpp \\\n-std=c++11 \\\n-fno-rtti \\\n-I ${SRCROOT}/../../include \\\n-I ${SRCROOT}/../../build/include \\\n-I ${SRCROOT}/../../tools \\\n-arch x86_64 \\\n-L ${SRCROOT}/../../bin \\\n-lHalide \\\n-o ${DERIVED_FILE_DIR}/reaction_diffusion_2_generator\n\necho \"${ARCHS}\"\n\nif [ \"${ARCHS}\" == \"x86_64\" ]\nthen\n# assume simulator, which requires osx rather than ios\nTARGET=x86-64-osx\nelse\n# TODO: sniff arm-32 builds here; for now, just assume arm-64 only\nTARGET=arm-64-ios\nfi\n\nfor GEN in init update render; do\n(cd ${DERIVED_FILE_DIR}; \\\nDYLD_LIBRARY_PATH=${SRCROOT}/../../bin:${SRCROOT}/../../build/lib \\\n./reaction_diffusion_2_generator -g reaction_diffusion_2_${GEN} -f reaction_diffusion_2_${GEN} -n reaction_diffusion_2_${GEN} -o ${DERIVED_FILE_DIR} target=${TARGET}-user_context)\ndone\n\nfor GEN in init update render; do\n(cd ${DERIVED_FILE_DIR}; \\\nDYLD_LIBRARY_PATH=${SRCROOT}/../../bin:${SRCROOT}/../../build/lib \\\n./reaction_diffusion_2_generator -g reaction_diffusion_2_${GEN} -f reaction_diffusion_2_metal_${GEN} -n reaction_diffusion_2_metal_${GEN} -o ${DERIVED_FILE_DIR} target=${TARGET}-metal-user_context)\ndone\n";
		};
/* End PBXShellScriptBuildPhase section */

/* Begin PBXSourcesBuildPhase section */
		3D6C4DB3198051DB002AD41E /* Sources */ = {
			isa = PBXSourcesBuildPhase;
			buildActionMask = 2147483647;
			files = (
				3D6C4DEB19805225002AD41E /* HalideView.mm in Sources */,
				3D6C4DCB198051DB002AD41E /* AppDelegate.mm in Sources */,
				3D6C4DC7198051DB002AD41E /* main.mm in Sources */,
				1440FDD11DDF9E2600B55760 /* HalideViewController.mm in Sources */,
			);
			runOnlyForDeploymentPostprocessing = 0;
		};
/* End PBXSourcesBuildPhase section */

/* Begin PBXVariantGroup section */
		3D6C4DC3198051DB002AD41E /* InfoPlist.strings */ = {
			isa = PBXVariantGroup;
			children = (
				3D6C4DC4198051DB002AD41E /* en */,
			);
			name = InfoPlist.strings;
			sourceTree = "<group>";
		};
/* End PBXVariantGroup section */

/* Begin XCBuildConfiguration section */
		3D6C4DE1198051DB002AD41E /* Debug */ = {
			isa = XCBuildConfiguration;
			buildSettings = {
				ALWAYS_SEARCH_USER_PATHS = NO;
				CLANG_CXX_LANGUAGE_STANDARD = "gnu++0x";
				CLANG_CXX_LIBRARY = "libc++";
				CLANG_ENABLE_MODULES = YES;
				CLANG_ENABLE_OBJC_ARC = YES;
				CLANG_WARN_BLOCK_CAPTURE_AUTORELEASING = YES;
				CLANG_WARN_BOOL_CONVERSION = YES;
				CLANG_WARN_COMMA = YES;
				CLANG_WARN_CONSTANT_CONVERSION = YES;
				CLANG_WARN_DEPRECATED_OBJC_IMPLEMENTATIONS = YES;
				CLANG_WARN_DIRECT_OBJC_ISA_USAGE = YES_ERROR;
				CLANG_WARN_EMPTY_BODY = YES;
				CLANG_WARN_ENUM_CONVERSION = YES;
				CLANG_WARN_INFINITE_RECURSION = YES;
				CLANG_WARN_INT_CONVERSION = YES;
				CLANG_WARN_NON_LITERAL_NULL_CONVERSION = YES;
				CLANG_WARN_OBJC_IMPLICIT_RETAIN_SELF = YES;
				CLANG_WARN_OBJC_LITERAL_CONVERSION = YES;
				CLANG_WARN_OBJC_ROOT_CLASS = YES_ERROR;
				CLANG_WARN_RANGE_LOOP_ANALYSIS = YES;
				CLANG_WARN_STRICT_PROTOTYPES = YES;
				CLANG_WARN_SUSPICIOUS_MOVE = YES;
				CLANG_WARN_UNREACHABLE_CODE = YES;
				CLANG_WARN__DUPLICATE_METHOD_MATCH = YES;
				"CODE_SIGN_IDENTITY[sdk=iphoneos*]" = "iPhone Developer";
				COPY_PHASE_STRIP = NO;
				ENABLE_STRICT_OBJC_MSGSEND = YES;
				ENABLE_TESTABILITY = YES;
				GCC_C_LANGUAGE_STANDARD = gnu99;
				GCC_DYNAMIC_NO_PIC = NO;
				GCC_NO_COMMON_BLOCKS = YES;
				GCC_OPTIMIZATION_LEVEL = 0;
				GCC_PREPROCESSOR_DEFINITIONS = (
					"DEBUG=1",
					"$(inherited)",
				);
				GCC_SYMBOLS_PRIVATE_EXTERN = NO;
				GCC_WARN_64_TO_32_BIT_CONVERSION = YES;
				GCC_WARN_ABOUT_RETURN_TYPE = YES_ERROR;
				GCC_WARN_UNDECLARED_SELECTOR = YES;
				GCC_WARN_UNINITIALIZED_AUTOS = YES_AGGRESSIVE;
				GCC_WARN_UNUSED_FUNCTION = YES;
				GCC_WARN_UNUSED_VARIABLE = YES;
				IPHONEOS_DEPLOYMENT_TARGET = 8.0;
				ONLY_ACTIVE_ARCH = YES;
				SDKROOT = iphoneos;
				TARGETED_DEVICE_FAMILY = "1,2";
			};
			name = Debug;
		};
		3D6C4DE2198051DB002AD41E /* Release */ = {
			isa = XCBuildConfiguration;
			buildSettings = {
				ALWAYS_SEARCH_USER_PATHS = NO;
				CLANG_CXX_LANGUAGE_STANDARD = "gnu++0x";
				CLANG_CXX_LIBRARY = "libc++";
				CLANG_ENABLE_MODULES = YES;
				CLANG_ENABLE_OBJC_ARC = YES;
				CLANG_WARN_BLOCK_CAPTURE_AUTORELEASING = YES;
				CLANG_WARN_BOOL_CONVERSION = YES;
				CLANG_WARN_COMMA = YES;
				CLANG_WARN_CONSTANT_CONVERSION = YES;
				CLANG_WARN_DEPRECATED_OBJC_IMPLEMENTATIONS = YES;
				CLANG_WARN_DIRECT_OBJC_ISA_USAGE = YES_ERROR;
				CLANG_WARN_EMPTY_BODY = YES;
				CLANG_WARN_ENUM_CONVERSION = YES;
				CLANG_WARN_INFINITE_RECURSION = YES;
				CLANG_WARN_INT_CONVERSION = YES;
				CLANG_WARN_NON_LITERAL_NULL_CONVERSION = YES;
				CLANG_WARN_OBJC_IMPLICIT_RETAIN_SELF = YES;
				CLANG_WARN_OBJC_LITERAL_CONVERSION = YES;
				CLANG_WARN_OBJC_ROOT_CLASS = YES_ERROR;
				CLANG_WARN_RANGE_LOOP_ANALYSIS = YES;
				CLANG_WARN_STRICT_PROTOTYPES = YES;
				CLANG_WARN_SUSPICIOUS_MOVE = YES;
				CLANG_WARN_UNREACHABLE_CODE = YES;
				CLANG_WARN__DUPLICATE_METHOD_MATCH = YES;
				"CODE_SIGN_IDENTITY[sdk=iphoneos*]" = "iPhone Developer";
				COPY_PHASE_STRIP = YES;
				ENABLE_NS_ASSERTIONS = NO;
				ENABLE_STRICT_OBJC_MSGSEND = YES;
				GCC_C_LANGUAGE_STANDARD = gnu99;
				GCC_NO_COMMON_BLOCKS = YES;
				GCC_WARN_64_TO_32_BIT_CONVERSION = YES;
				GCC_WARN_ABOUT_RETURN_TYPE = YES_ERROR;
				GCC_WARN_UNDECLARED_SELECTOR = YES;
				GCC_WARN_UNINITIALIZED_AUTOS = YES_AGGRESSIVE;
				GCC_WARN_UNUSED_FUNCTION = YES;
				GCC_WARN_UNUSED_VARIABLE = YES;
				IPHONEOS_DEPLOYMENT_TARGET = 8.0;
				SDKROOT = iphoneos;
				TARGETED_DEVICE_FAMILY = "1,2";
				VALIDATE_PRODUCT = YES;
			};
			name = Release;
		};
		3D6C4DE4198051DB002AD41E /* Debug */ = {
			isa = XCBuildConfiguration;
			buildSettings = {
				ASSETCATALOG_COMPILER_APPICON_NAME = AppIcon;
				ASSETCATALOG_COMPILER_LAUNCHIMAGE_NAME = LaunchImage;
				CODE_SIGN_IDENTITY = "iPhone Developer";
				DEBUG_INFORMATION_FORMAT = dwarf;
				ENABLE_BITCODE = YES;
				GCC_INPUT_FILETYPE = sourcecode.cpp.objcpp;
				GCC_PRECOMPILE_PREFIX_HEADER = YES;
				GCC_PREFIX_HEADER = "HelloiOS/HelloiOS-Prefix.pch";
				INFOPLIST_FILE = "HelloiOS/HelloiOS-Info.plist";
				PRODUCT_BUNDLE_IDENTIFIER = "Halide.${PRODUCT_NAME:rfc1034identifier}";
				PRODUCT_NAME = "$(TARGET_NAME)";
				USER_HEADER_SEARCH_PATHS = "$(SRCROOT)../../../include/";
				"USER_HEADER_SEARCH_PATHS[arch=*]" = "$(SRCROOT)/../../include/";
				WRAPPER_EXTENSION = app;
			};
			name = Debug;
		};
		3D6C4DE5198051DB002AD41E /* Release */ = {
			isa = XCBuildConfiguration;
			buildSettings = {
				ASSETCATALOG_COMPILER_APPICON_NAME = AppIcon;
				ASSETCATALOG_COMPILER_LAUNCHIMAGE_NAME = LaunchImage;
				CODE_SIGN_IDENTITY = "iPhone Developer";
				DEBUG_INFORMATION_FORMAT = dwarf;
				ENABLE_BITCODE = YES;
				GCC_INPUT_FILETYPE = sourcecode.cpp.objcpp;
				GCC_PRECOMPILE_PREFIX_HEADER = YES;
				GCC_PREFIX_HEADER = "HelloiOS/HelloiOS-Prefix.pch";
				INFOPLIST_FILE = "HelloiOS/HelloiOS-Info.plist";
				PRODUCT_BUNDLE_IDENTIFIER = "Halide.${PRODUCT_NAME:rfc1034identifier}";
				PRODUCT_NAME = "$(TARGET_NAME)";
				USER_HEADER_SEARCH_PATHS = "$(SRCROOT)/../../include/";
				"USER_HEADER_SEARCH_PATHS[arch=*]" = ../../../../include/;
				WRAPPER_EXTENSION = app;
			};
			name = Release;
		};
/* End XCBuildConfiguration section */

/* Begin XCConfigurationList section */
		3D6C4DB2198051DB002AD41E /* Build configuration list for PBXProject "HelloiOS" */ = {
			isa = XCConfigurationList;
			buildConfigurations = (
				3D6C4DE1198051DB002AD41E /* Debug */,
				3D6C4DE2198051DB002AD41E /* Release */,
			);
			defaultConfigurationIsVisible = 0;
			defaultConfigurationName = Release;
		};
		3D6C4DE3198051DB002AD41E /* Build configuration list for PBXNativeTarget "HelloiOS" */ = {
			isa = XCConfigurationList;
			buildConfigurations = (
				3D6C4DE4198051DB002AD41E /* Debug */,
				3D6C4DE5198051DB002AD41E /* Release */,
			);
			defaultConfigurationIsVisible = 0;
			defaultConfigurationName = Release;
		};
/* End XCConfigurationList section */
	};
	rootObject = 3D6C4DAF198051DB002AD41E /* Project object */;
}
