// !$*UTF8*$!
{
	archiveVersion = 1;
	classes = {
	};
	objectVersion = 46;
	objects = {

/* Begin PBXBuildFile section */
		033637BF13161ABC00114D38 /* libpng.dylib in Frameworks */ = {isa = PBXBuildFile; fileRef = 033637BE13161ABC00114D38 /* libpng.dylib */; };
		0371F8121316140400C0244E /* AsmX64Compiler.h in Headers */ = {isa = PBXBuildFile; fileRef = 0371F8101316140400C0244E /* AsmX64Compiler.h */; };
		0371F8131316140400C0244E /* AsmX64Compiler.cpp in Sources */ = {isa = PBXBuildFile; fileRef = 0371F8111316140400C0244E /* AsmX64Compiler.cpp */; };
		03A95C3A13141047009CC6B0 /* X64.h in Headers */ = {isa = PBXBuildFile; fileRef = 03A95C2E13141047009CC6B0 /* X64.h */; };
		03A95C3B13141047009CC6B0 /* IRNode.h in Headers */ = {isa = PBXBuildFile; fileRef = 03A95C2F13141047009CC6B0 /* IRNode.h */; };
		03A95C3C13141047009CC6B0 /* IRNode.cpp in Sources */ = {isa = PBXBuildFile; fileRef = 03A95C3013141047009CC6B0 /* IRNode.cpp */; };
		03A95C3D13141047009CC6B0 /* FImage.h in Headers */ = {isa = PBXBuildFile; fileRef = 03A95C3113141047009CC6B0 /* FImage.h */; };
		03A95C3E13141047009CC6B0 /* FImage.cpp in Sources */ = {isa = PBXBuildFile; fileRef = 03A95C3213141047009CC6B0 /* FImage.cpp */; };
		03A95C4013141047009CC6B0 /* Interval.h in Headers */ = {isa = PBXBuildFile; fileRef = 03A95C3413141047009CC6B0 /* Interval.h */; };
		03A95C4113141047009CC6B0 /* Interval.cpp in Sources */ = {isa = PBXBuildFile; fileRef = 03A95C3513141047009CC6B0 /* Interval.cpp */; };
		03A95C4213141047009CC6B0 /* Compiler.h in Headers */ = {isa = PBXBuildFile; fileRef = 03A95C3613141047009CC6B0 /* Compiler.h */; };
		03A95C4313141047009CC6B0 /* base.h in Headers */ = {isa = PBXBuildFile; fileRef = 03A95C3713141047009CC6B0 /* base.h */; };
		03A95C4413141047009CC6B0 /* base.cpp in Sources */ = {isa = PBXBuildFile; fileRef = 03A95C3813141047009CC6B0 /* base.cpp */; };
		03A95C5513141759009CC6B0 /* hello-fimage.cpp in Sources */ = {isa = PBXBuildFile; fileRef = 03A95C5113141719009CC6B0 /* hello-fimage.cpp */; };
		03A95C5613141C40009CC6B0 /* fimage.dylib in Frameworks */ = {isa = PBXBuildFile; fileRef = 039228EC13140F0A008F8BC6 /* fimage.dylib */; };
		03A95C6513144A6A009CC6B0 /* tests.cpp in Sources */ = {isa = PBXBuildFile; fileRef = 03A95C6113144A3A009CC6B0 /* tests.cpp */; };
		03A95C6813144C83009CC6B0 /* fimage.dylib in Frameworks */ = {isa = PBXBuildFile; fileRef = 039228EC13140F0A008F8BC6 /* fimage.dylib */; };
/* End PBXBuildFile section */

/* Begin PBXContainerItemProxy section */
		03A95C5313141753009CC6B0 /* PBXContainerItemProxy */ = {
			isa = PBXContainerItemProxy;
			containerPortal = 039228E313140F0A008F8BC6 /* Project object */;
			proxyType = 1;
			remoteGlobalIDString = 039228EB13140F0A008F8BC6;
			remoteInfo = fimage;
		};
		03A95C6313144A67009CC6B0 /* PBXContainerItemProxy */ = {
			isa = PBXContainerItemProxy;
			containerPortal = 039228E313140F0A008F8BC6 /* Project object */;
			proxyType = 1;
			remoteGlobalIDString = 039228EB13140F0A008F8BC6;
			remoteInfo = fimage;
		};
/* End PBXContainerItemProxy section */

/* Begin PBXCopyFilesBuildPhase section */
		03A95C4913141701009CC6B0 /* CopyFiles */ = {
			isa = PBXCopyFilesBuildPhase;
			buildActionMask = 2147483647;
			dstPath = /usr/share/man/man1/;
			dstSubfolderSpec = 0;
			files = (
			);
			runOnlyForDeploymentPostprocessing = 1;
		};
		03A95C5913144A30009CC6B0 /* CopyFiles */ = {
			isa = PBXCopyFilesBuildPhase;
			buildActionMask = 2147483647;
			dstPath = /usr/share/man/man1/;
			dstSubfolderSpec = 0;
			files = (
			);
			runOnlyForDeploymentPostprocessing = 1;
		};
/* End PBXCopyFilesBuildPhase section */

/* Begin PBXFileReference section */
		033637BE13161ABC00114D38 /* libpng.dylib */ = {isa = PBXFileReference; lastKnownFileType = "compiled.mach-o.dylib"; name = libpng.dylib; path = usr/local/lib/libpng.dylib; sourceTree = SDKROOT; };
		0371F8101316140400C0244E /* AsmX64Compiler.h */ = {isa = PBXFileReference; fileEncoding = 4; lastKnownFileType = sourcecode.c.h; path = AsmX64Compiler.h; sourceTree = SOURCE_ROOT; };
		0371F8111316140400C0244E /* AsmX64Compiler.cpp */ = {isa = PBXFileReference; fileEncoding = 4; lastKnownFileType = sourcecode.cpp.cpp; path = AsmX64Compiler.cpp; sourceTree = SOURCE_ROOT; };
		039228EC13140F0A008F8BC6 /* fimage.dylib */ = {isa = PBXFileReference; explicitFileType = "compiled.mach-o.dylib"; includeInIndex = 0; path = fimage.dylib; sourceTree = BUILT_PRODUCTS_DIR; };
		039228F113140F0A008F8BC6 /* fimageProj.xcconfig */ = {isa = PBXFileReference; lastKnownFileType = text.xcconfig; path = fimageProj.xcconfig; sourceTree = "<group>"; };
		039228F213140F0A008F8BC6 /* fimageTarget.xcconfig */ = {isa = PBXFileReference; lastKnownFileType = text.xcconfig; path = fimageTarget.xcconfig; sourceTree = "<group>"; };
		03A95C2E13141047009CC6B0 /* X64.h */ = {isa = PBXFileReference; fileEncoding = 4; lastKnownFileType = sourcecode.c.h; path = X64.h; sourceTree = SOURCE_ROOT; };
		03A95C2F13141047009CC6B0 /* IRNode.h */ = {isa = PBXFileReference; fileEncoding = 4; lastKnownFileType = sourcecode.c.h; path = IRNode.h; sourceTree = SOURCE_ROOT; };
		03A95C3013141047009CC6B0 /* IRNode.cpp */ = {isa = PBXFileReference; fileEncoding = 4; lastKnownFileType = sourcecode.cpp.cpp; path = IRNode.cpp; sourceTree = SOURCE_ROOT; };
		03A95C3113141047009CC6B0 /* FImage.h */ = {isa = PBXFileReference; fileEncoding = 4; lastKnownFileType = sourcecode.c.h; path = FImage.h; sourceTree = SOURCE_ROOT; };
		03A95C3213141047009CC6B0 /* FImage.cpp */ = {isa = PBXFileReference; fileEncoding = 4; lastKnownFileType = sourcecode.cpp.cpp; path = FImage.cpp; sourceTree = SOURCE_ROOT; };
		03A95C3413141047009CC6B0 /* Interval.h */ = {isa = PBXFileReference; fileEncoding = 4; lastKnownFileType = sourcecode.c.h; path = Interval.h; sourceTree = SOURCE_ROOT; };
		03A95C3513141047009CC6B0 /* Interval.cpp */ = {isa = PBXFileReference; fileEncoding = 4; lastKnownFileType = sourcecode.cpp.cpp; path = Interval.cpp; sourceTree = SOURCE_ROOT; };
		03A95C3613141047009CC6B0 /* Compiler.h */ = {isa = PBXFileReference; fileEncoding = 4; lastKnownFileType = sourcecode.c.h; path = Compiler.h; sourceTree = SOURCE_ROOT; };
		03A95C3713141047009CC6B0 /* base.h */ = {isa = PBXFileReference; fileEncoding = 4; lastKnownFileType = sourcecode.c.h; path = base.h; sourceTree = SOURCE_ROOT; };
		03A95C3813141047009CC6B0 /* base.cpp */ = {isa = PBXFileReference; fileEncoding = 4; lastKnownFileType = sourcecode.cpp.cpp; path = base.cpp; sourceTree = SOURCE_ROOT; };
		03A95C4B13141701009CC6B0 /* hello-fimage */ = {isa = PBXFileReference; explicitFileType = "compiled.mach-o.executable"; includeInIndex = 0; path = "hello-fimage"; sourceTree = BUILT_PRODUCTS_DIR; };
		03A95C5113141719009CC6B0 /* hello-fimage.cpp */ = {isa = PBXFileReference; fileEncoding = 4; lastKnownFileType = sourcecode.cpp.cpp; path = "hello-fimage.cpp"; sourceTree = SOURCE_ROOT; };
		03A95C5B13144A30009CC6B0 /* tests */ = {isa = PBXFileReference; explicitFileType = "compiled.mach-o.executable"; includeInIndex = 0; path = tests; sourceTree = BUILT_PRODUCTS_DIR; };
		03A95C6113144A3A009CC6B0 /* tests.cpp */ = {isa = PBXFileReference; fileEncoding = 4; lastKnownFileType = sourcecode.cpp.cpp; path = tests.cpp; sourceTree = SOURCE_ROOT; };
		03A95C6713144BBD009CC6B0 /* CImg.h */ = {isa = PBXFileReference; fileEncoding = 4; lastKnownFileType = sourcecode.c.h; path = CImg.h; sourceTree = SOURCE_ROOT; };
/* End PBXFileReference section */

/* Begin PBXFrameworksBuildPhase section */
		039228E913140F0A008F8BC6 /* Frameworks */ = {
			isa = PBXFrameworksBuildPhase;
			buildActionMask = 2147483647;
			files = (
			);
			runOnlyForDeploymentPostprocessing = 0;
		};
		03A95C4813141701009CC6B0 /* Frameworks */ = {
			isa = PBXFrameworksBuildPhase;
			buildActionMask = 2147483647;
			files = (
				03A95C5613141C40009CC6B0 /* fimage.dylib in Frameworks */,
			);
			runOnlyForDeploymentPostprocessing = 0;
		};
		03A95C5813144A30009CC6B0 /* Frameworks */ = {
			isa = PBXFrameworksBuildPhase;
			buildActionMask = 2147483647;
			files = (
				033637BF13161ABC00114D38 /* libpng.dylib in Frameworks */,
				03A95C6813144C83009CC6B0 /* fimage.dylib in Frameworks */,
			);
			runOnlyForDeploymentPostprocessing = 0;
		};
/* End PBXFrameworksBuildPhase section */

/* Begin PBXGroup section */
		039228E113140F0A008F8BC6 = {
			isa = PBXGroup;
			children = (
				039228EE13140F0A008F8BC6 /* fimage */,
				03A95C4D13141701009CC6B0 /* hello-fimage */,
				03A95C5D13144A30009CC6B0 /* tests */,
				039228ED13140F0A008F8BC6 /* Products */,
			);
			sourceTree = "<group>";
		};
		039228ED13140F0A008F8BC6 /* Products */ = {
			isa = PBXGroup;
			children = (
				039228EC13140F0A008F8BC6 /* fimage.dylib */,
				03A95C4B13141701009CC6B0 /* hello-fimage */,
				03A95C5B13144A30009CC6B0 /* tests */,
			);
			name = Products;
			sourceTree = "<group>";
		};
		039228EE13140F0A008F8BC6 /* fimage */ = {
			isa = PBXGroup;
			children = (
				0371F8101316140400C0244E /* AsmX64Compiler.h */,
				0371F8111316140400C0244E /* AsmX64Compiler.cpp */,
				03A95C2E13141047009CC6B0 /* X64.h */,
				03A95C2F13141047009CC6B0 /* IRNode.h */,
				03A95C3013141047009CC6B0 /* IRNode.cpp */,
				03A95C3113141047009CC6B0 /* FImage.h */,
				03A95C3213141047009CC6B0 /* FImage.cpp */,
				03A95C3413141047009CC6B0 /* Interval.h */,
				03A95C3513141047009CC6B0 /* Interval.cpp */,
				03A95C3613141047009CC6B0 /* Compiler.h */,
				03A95C3713141047009CC6B0 /* base.h */,
				03A95C3813141047009CC6B0 /* base.cpp */,
				039228EF13140F0A008F8BC6 /* Supporting Files */,
			);
			path = fimage;
			sourceTree = "<group>";
		};
		039228EF13140F0A008F8BC6 /* Supporting Files */ = {
			isa = PBXGroup;
			children = (
				039228F113140F0A008F8BC6 /* fimageProj.xcconfig */,
				039228F213140F0A008F8BC6 /* fimageTarget.xcconfig */,
			);
			name = "Supporting Files";
			sourceTree = "<group>";
		};
		03A95C4D13141701009CC6B0 /* hello-fimage */ = {
			isa = PBXGroup;
			children = (
				03A95C5113141719009CC6B0 /* hello-fimage.cpp */,
			);
			path = "hello-fimage";
			sourceTree = "<group>";
		};
		03A95C5D13144A30009CC6B0 /* tests */ = {
			isa = PBXGroup;
			children = (
				033637BE13161ABC00114D38 /* libpng.dylib */,
				03A95C6713144BBD009CC6B0 /* CImg.h */,
				03A95C6113144A3A009CC6B0 /* tests.cpp */,
			);
			path = tests;
			sourceTree = "<group>";
		};
/* End PBXGroup section */

/* Begin PBXHeadersBuildPhase section */
		039228EA13140F0A008F8BC6 /* Headers */ = {
			isa = PBXHeadersBuildPhase;
			buildActionMask = 2147483647;
			files = (
				03A95C3A13141047009CC6B0 /* X64.h in Headers */,
				03A95C3B13141047009CC6B0 /* IRNode.h in Headers */,
				03A95C3D13141047009CC6B0 /* FImage.h in Headers */,
				03A95C4013141047009CC6B0 /* Interval.h in Headers */,
				03A95C4213141047009CC6B0 /* Compiler.h in Headers */,
				03A95C4313141047009CC6B0 /* base.h in Headers */,
				0371F8121316140400C0244E /* AsmX64Compiler.h in Headers */,
			);
			runOnlyForDeploymentPostprocessing = 0;
		};
/* End PBXHeadersBuildPhase section */

/* Begin PBXNativeTarget section */
		039228EB13140F0A008F8BC6 /* fimage */ = {
			isa = PBXNativeTarget;
			buildConfigurationList = 039228FA13140F0A008F8BC6 /* Build configuration list for PBXNativeTarget "fimage" */;
			buildPhases = (
				039228E813140F0A008F8BC6 /* Sources */,
				039228E913140F0A008F8BC6 /* Frameworks */,
				039228EA13140F0A008F8BC6 /* Headers */,
			);
			buildRules = (
			);
			dependencies = (
			);
			name = fimage;
			productName = fimage;
			productReference = 039228EC13140F0A008F8BC6 /* fimage.dylib */;
			productType = "com.apple.product-type.library.dynamic";
		};
		03A95C4A13141701009CC6B0 /* hello-fimage */ = {
			isa = PBXNativeTarget;
			buildConfigurationList = 03A95C4E13141701009CC6B0 /* Build configuration list for PBXNativeTarget "hello-fimage" */;
			buildPhases = (
				03A95C4713141701009CC6B0 /* Sources */,
				03A95C4813141701009CC6B0 /* Frameworks */,
				03A95C4913141701009CC6B0 /* CopyFiles */,
			);
			buildRules = (
			);
			dependencies = (
				03A95C5413141753009CC6B0 /* PBXTargetDependency */,
			);
			name = "hello-fimage";
			productName = "hello-fimage";
			productReference = 03A95C4B13141701009CC6B0 /* hello-fimage */;
			productType = "com.apple.product-type.tool";
		};
		03A95C5A13144A30009CC6B0 /* tests */ = {
			isa = PBXNativeTarget;
			buildConfigurationList = 03A95C5E13144A30009CC6B0 /* Build configuration list for PBXNativeTarget "tests" */;
			buildPhases = (
				03A95C5713144A30009CC6B0 /* Sources */,
				03A95C5813144A30009CC6B0 /* Frameworks */,
				03A95C5913144A30009CC6B0 /* CopyFiles */,
			);
			buildRules = (
			);
			dependencies = (
				03A95C6413144A67009CC6B0 /* PBXTargetDependency */,
			);
			name = tests;
			productName = tests;
			productReference = 03A95C5B13144A30009CC6B0 /* tests */;
			productType = "com.apple.product-type.tool";
		};
/* End PBXNativeTarget section */

/* Begin PBXProject section */
		039228E313140F0A008F8BC6 /* Project object */ = {
			isa = PBXProject;
			buildConfigurationList = 039228E613140F0A008F8BC6 /* Build configuration list for PBXProject "fimage" */;
			compatibilityVersion = "Xcode 3.2";
			developmentRegion = English;
			hasScannedForEncodings = 0;
			knownRegions = (
				en,
			);
			mainGroup = 039228E113140F0A008F8BC6;
			productRefGroup = 039228ED13140F0A008F8BC6 /* Products */;
			projectDirPath = "";
			projectRoot = "";
			targets = (
				039228EB13140F0A008F8BC6 /* fimage */,
				03A95C4A13141701009CC6B0 /* hello-fimage */,
				03A95C5A13144A30009CC6B0 /* tests */,
			);
		};
/* End PBXProject section */

/* Begin PBXSourcesBuildPhase section */
		039228E813140F0A008F8BC6 /* Sources */ = {
			isa = PBXSourcesBuildPhase;
			buildActionMask = 2147483647;
			files = (
				03A95C3C13141047009CC6B0 /* IRNode.cpp in Sources */,
				03A95C3E13141047009CC6B0 /* FImage.cpp in Sources */,
				03A95C4113141047009CC6B0 /* Interval.cpp in Sources */,
				03A95C4413141047009CC6B0 /* base.cpp in Sources */,
				0371F8131316140400C0244E /* AsmX64Compiler.cpp in Sources */,
			);
			runOnlyForDeploymentPostprocessing = 0;
		};
		03A95C4713141701009CC6B0 /* Sources */ = {
			isa = PBXSourcesBuildPhase;
			buildActionMask = 2147483647;
			files = (
				03A95C5513141759009CC6B0 /* hello-fimage.cpp in Sources */,
			);
			runOnlyForDeploymentPostprocessing = 0;
		};
		03A95C5713144A30009CC6B0 /* Sources */ = {
			isa = PBXSourcesBuildPhase;
			buildActionMask = 2147483647;
			files = (
				03A95C6513144A6A009CC6B0 /* tests.cpp in Sources */,
			);
			runOnlyForDeploymentPostprocessing = 0;
		};
/* End PBXSourcesBuildPhase section */

/* Begin PBXTargetDependency section */
		03A95C5413141753009CC6B0 /* PBXTargetDependency */ = {
			isa = PBXTargetDependency;
			target = 039228EB13140F0A008F8BC6 /* fimage */;
			targetProxy = 03A95C5313141753009CC6B0 /* PBXContainerItemProxy */;
		};
		03A95C6413144A67009CC6B0 /* PBXTargetDependency */ = {
			isa = PBXTargetDependency;
			target = 039228EB13140F0A008F8BC6 /* fimage */;
			targetProxy = 03A95C6313144A67009CC6B0 /* PBXContainerItemProxy */;
		};
/* End PBXTargetDependency section */

/* Begin XCBuildConfiguration section */
		039228F813140F0A008F8BC6 /* Debug */ = {
			isa = XCBuildConfiguration;
			buildSettings = {
				ARCHS = "$(ARCHS_STANDARD_64_BIT)";
				GCC_C_LANGUAGE_STANDARD = gnu99;
				GCC_OPTIMIZATION_LEVEL = 0;
				GCC_PREPROCESSOR_DEFINITIONS = DEBUG;
				GCC_VERSION = com.apple.compilers.llvmgcc42;
				GCC_WARN_64_TO_32_BIT_CONVERSION = YES;
				GCC_WARN_ABOUT_RETURN_TYPE = YES;
				GCC_WARN_UNUSED_VARIABLE = YES;
				MACOSX_DEPLOYMENT_TARGET = 10.6;
				ONLY_ACTIVE_ARCH = YES;
				SDKROOT = macosx;
			};
			name = Debug;
		};
		039228F913140F0A008F8BC6 /* Release */ = {
			isa = XCBuildConfiguration;
			buildSettings = {
				ARCHS = "$(ARCHS_STANDARD_64_BIT)";
				GCC_C_LANGUAGE_STANDARD = gnu99;
				GCC_VERSION = com.apple.compilers.llvmgcc42;
				GCC_WARN_64_TO_32_BIT_CONVERSION = YES;
				GCC_WARN_ABOUT_RETURN_TYPE = YES;
				GCC_WARN_UNUSED_VARIABLE = YES;
				MACOSX_DEPLOYMENT_TARGET = 10.6;
				SDKROOT = macosx;
			};
			name = Release;
		};
		039228FB13140F0A008F8BC6 /* Debug */ = {
			isa = XCBuildConfiguration;
			buildSettings = {
				ALWAYS_SEARCH_USER_PATHS = NO;
				COPY_PHASE_STRIP = NO;
				GCC_DYNAMIC_NO_PIC = NO;
				GCC_ENABLE_OBJC_EXCEPTIONS = YES;
				PRODUCT_NAME = "$(TARGET_NAME)";
			};
			name = Debug;
		};
		039228FC13140F0A008F8BC6 /* Release */ = {
			isa = XCBuildConfiguration;
			buildSettings = {
				ALWAYS_SEARCH_USER_PATHS = NO;
				COPY_PHASE_STRIP = YES;
				DEBUG_INFORMATION_FORMAT = "dwarf-with-dsym";
				GCC_ENABLE_OBJC_EXCEPTIONS = YES;
				PRODUCT_NAME = "$(TARGET_NAME)";
			};
			name = Release;
		};
		03A95C4F13141701009CC6B0 /* Debug */ = {
			isa = XCBuildConfiguration;
			buildSettings = {
				ALWAYS_SEARCH_USER_PATHS = NO;
				COPY_PHASE_STRIP = NO;
				GCC_DYNAMIC_NO_PIC = NO;
				GCC_ENABLE_OBJC_EXCEPTIONS = YES;
				PRODUCT_NAME = "$(TARGET_NAME)";
			};
			name = Debug;
		};
		03A95C5013141701009CC6B0 /* Release */ = {
			isa = XCBuildConfiguration;
			buildSettings = {
				ALWAYS_SEARCH_USER_PATHS = NO;
				COPY_PHASE_STRIP = YES;
				DEBUG_INFORMATION_FORMAT = "dwarf-with-dsym";
				GCC_ENABLE_OBJC_EXCEPTIONS = YES;
				PRODUCT_NAME = "$(TARGET_NAME)";
			};
			name = Release;
		};
		03A95C5F13144A30009CC6B0 /* Debug */ = {
			isa = XCBuildConfiguration;
			buildSettings = {
				ALWAYS_SEARCH_USER_PATHS = NO;
				COPY_PHASE_STRIP = NO;
				GCC_DYNAMIC_NO_PIC = NO;
				GCC_ENABLE_OBJC_EXCEPTIONS = YES;
				PRODUCT_NAME = "$(TARGET_NAME)";
			};
			name = Debug;
		};
		03A95C6013144A30009CC6B0 /* Release */ = {
			isa = XCBuildConfiguration;
			buildSettings = {
				ALWAYS_SEARCH_USER_PATHS = NO;
				COPY_PHASE_STRIP = YES;
				DEBUG_INFORMATION_FORMAT = "dwarf-with-dsym";
				GCC_ENABLE_OBJC_EXCEPTIONS = YES;
				PRODUCT_NAME = "$(TARGET_NAME)";
			};
			name = Release;
		};
/* End XCBuildConfiguration section */

/* Begin XCConfigurationList section */
		039228E613140F0A008F8BC6 /* Build configuration list for PBXProject "fimage" */ = {
			isa = XCConfigurationList;
			buildConfigurations = (
				039228F813140F0A008F8BC6 /* Debug */,
				039228F913140F0A008F8BC6 /* Release */,
			);
			defaultConfigurationIsVisible = 0;
			defaultConfigurationName = Release;
		};
		039228FA13140F0A008F8BC6 /* Build configuration list for PBXNativeTarget "fimage" */ = {
			isa = XCConfigurationList;
			buildConfigurations = (
				039228FB13140F0A008F8BC6 /* Debug */,
				039228FC13140F0A008F8BC6 /* Release */,
			);
			defaultConfigurationIsVisible = 0;
			defaultConfigurationName = Release;
		};
		03A95C4E13141701009CC6B0 /* Build configuration list for PBXNativeTarget "hello-fimage" */ = {
			isa = XCConfigurationList;
			buildConfigurations = (
				03A95C4F13141701009CC6B0 /* Debug */,
				03A95C5013141701009CC6B0 /* Release */,
			);
			defaultConfigurationIsVisible = 0;
			defaultConfigurationName = Release;
		};
		03A95C5E13144A30009CC6B0 /* Build configuration list for PBXNativeTarget "tests" */ = {
			isa = XCConfigurationList;
			buildConfigurations = (
				03A95C5F13144A30009CC6B0 /* Debug */,
				03A95C6013144A30009CC6B0 /* Release */,
			);
			defaultConfigurationIsVisible = 0;
			defaultConfigurationName = Release;
		};
/* End XCConfigurationList section */
	};
	rootObject = 039228E313140F0A008F8BC6 /* Project object */;
}
